
Microsoft Visual Studio Solution File, Format Version 12.00
# Visual Studio 15
VisualStudioVersion = 15.0.28307.779
MinimumVisualStudioVersion = 10.0.40219.1
Project("{FAE04EC0-301F-11D3-BF4B-00C04F79EFBC}") = "StarwarsApplication", "StarwarsApplication\StarwarsApplication.csproj", "{C1E18FE8-16A5-46F7-A7D5-3FABA32E1B7E}"
EndProject
Project("{FAE04EC0-301F-11D3-BF4B-00C04F79EFBC}") = "StandardApp", "StandardApp\StandardApp.csproj", "{A83EF8D9-11C3-4859-8A90-04E4E476E593}"
EndProject
Global
	GlobalSection(SolutionConfigurationPlatforms) = preSolution
		Debug|Any CPU = Debug|Any CPU
		Release|Any CPU = Release|Any CPU
	EndGlobalSection
	GlobalSection(ProjectConfigurationPlatforms) = postSolution
		{C1E18FE8-16A5-46F7-A7D5-3FABA32E1B7E}.Debug|Any CPU.ActiveCfg = Debug|Any CPU
		{C1E18FE8-16A5-46F7-A7D5-3FABA32E1B7E}.Debug|Any CPU.Build.0 = Debug|Any CPU
		{C1E18FE8-16A5-46F7-A7D5-3FABA32E1B7E}.Debug|Any CPU.Deploy.0 = Debug|Any CPU
		{C1E18FE8-16A5-46F7-A7D5-3FABA32E1B7E}.Release|Any CPU.ActiveCfg = Release|Any CPU
		{C1E18FE8-16A5-46F7-A7D5-3FABA32E1B7E}.Release|Any CPU.Build.0 = Release|Any CPU
		{C1E18FE8-16A5-46F7-A7D5-3FABA32E1B7E}.Release|Any CPU.Deploy.0 = Release|Any CPU
		{A83EF8D9-11C3-4859-8A90-04E4E476E593}.Debug|Any CPU.ActiveCfg = Debug|Any CPU
		{A83EF8D9-11C3-4859-8A90-04E4E476E593}.Debug|Any CPU.Build.0 = Debug|Any CPU
		{A83EF8D9-11C3-4859-8A90-04E4E476E593}.Release|Any CPU.ActiveCfg = Release|Any CPU
		{A83EF8D9-11C3-4859-8A90-04E4E476E593}.Release|Any CPU.Build.0 = Release|Any CPU
	EndGlobalSection
	GlobalSection(SolutionProperties) = preSolution
		HideSolutionNode = FALSE
	EndGlobalSection
	GlobalSection(ExtensibilityGlobals) = postSolution
		SolutionGuid = {D263A689-8C5E-4AC9-92FD-EEB009CB9485}
	EndGlobalSection
EndGlobal
